
Microsoft Visual Studio Solution File, Format Version 12.00
# Visual Studio Version 17
VisualStudioVersion = 17.5.33627.172
MinimumVisualStudioVersion = 10.0.40219.1
Project("{8BC9CEB8-8B4A-11D0-8D11-00A0C91BC942}") = "bj2702", "bj2702\bj2702.vcxproj", "{8EBD83A5-5B4A-4834-B406-F0BC6F553FB2}"
EndProject
Global
	GlobalSection(SolutionConfigurationPlatforms) = preSolution
		Debug|x64 = Debug|x64
		Debug|x86 = Debug|x86
		Release|x64 = Release|x64
		Release|x86 = Release|x86
	EndGlobalSection
	GlobalSection(ProjectConfigurationPlatforms) = postSolution
		{8EBD83A5-5B4A-4834-B406-F0BC6F553FB2}.Debug|x64.ActiveCfg = Debug|x64
		{8EBD83A5-5B4A-4834-B406-F0BC6F553FB2}.Debug|x64.Build.0 = Debug|x64
		{8EBD83A5-5B4A-4834-B406-F0BC6F553FB2}.Debug|x86.ActiveCfg = Debug|Win32
		{8EBD83A5-5B4A-4834-B406-F0BC6F553FB2}.Debug|x86.Build.0 = Debug|Win32
		{8EBD83A5-5B4A-4834-B406-F0BC6F553FB2}.Release|x64.ActiveCfg = Release|x64
		{8EBD83A5-5B4A-4834-B406-F0BC6F553FB2}.Release|x64.Build.0 = Release|x64
		{8EBD83A5-5B4A-4834-B406-F0BC6F553FB2}.Release|x86.ActiveCfg = Release|Win32
		{8EBD83A5-5B4A-4834-B406-F0BC6F553FB2}.Release|x86.Build.0 = Release|Win32
	EndGlobalSection
	GlobalSection(SolutionProperties) = preSolution
		HideSolutionNode = FALSE
	EndGlobalSection
	GlobalSection(ExtensibilityGlobals) = postSolution
		SolutionGuid = {2743D713-E025-4931-9542-C6FF1637906B}
	EndGlobalSection
EndGlobal
