
Microsoft Visual Studio Solution File, Format Version 12.00
# Visual Studio Version 17
VisualStudioVersion = 17.5.33627.172
MinimumVisualStudioVersion = 10.0.40219.1
Project("{8BC9CEB8-8B4A-11D0-8D11-00A0C91BC942}") = "bj10814", "bj10814\bj10814.vcxproj", "{FD8D3E7C-9A86-43B8-9345-0CA773EEF57F}"
EndProject
Global
	GlobalSection(SolutionConfigurationPlatforms) = preSolution
		Debug|x64 = Debug|x64
		Debug|x86 = Debug|x86
		Release|x64 = Release|x64
		Release|x86 = Release|x86
	EndGlobalSection
	GlobalSection(ProjectConfigurationPlatforms) = postSolution
		{FD8D3E7C-9A86-43B8-9345-0CA773EEF57F}.Debug|x64.ActiveCfg = Debug|x64
		{FD8D3E7C-9A86-43B8-9345-0CA773EEF57F}.Debug|x64.Build.0 = Debug|x64
		{FD8D3E7C-9A86-43B8-9345-0CA773EEF57F}.Debug|x86.ActiveCfg = Debug|Win32
		{FD8D3E7C-9A86-43B8-9345-0CA773EEF57F}.Debug|x86.Build.0 = Debug|Win32
		{FD8D3E7C-9A86-43B8-9345-0CA773EEF57F}.Release|x64.ActiveCfg = Release|x64
		{FD8D3E7C-9A86-43B8-9345-0CA773EEF57F}.Release|x64.Build.0 = Release|x64
		{FD8D3E7C-9A86-43B8-9345-0CA773EEF57F}.Release|x86.ActiveCfg = Release|Win32
		{FD8D3E7C-9A86-43B8-9345-0CA773EEF57F}.Release|x86.Build.0 = Release|Win32
	EndGlobalSection
	GlobalSection(SolutionProperties) = preSolution
		HideSolutionNode = FALSE
	EndGlobalSection
	GlobalSection(ExtensibilityGlobals) = postSolution
		SolutionGuid = {C19EE1A0-281F-458A-94E5-493380E720A3}
	EndGlobalSection
EndGlobal
