
Microsoft Visual Studio Solution File, Format Version 12.00
# Visual Studio Version 17
VisualStudioVersion = 17.5.33502.453
MinimumVisualStudioVersion = 10.0.40219.1
Project("{8BC9CEB8-8B4A-11D0-8D11-00A0C91BC942}") = "Assignment7", "Assignment7\Assignment7.vcxproj", "{4B321EB9-A79D-489F-B659-291B093FB877}"
EndProject
Global
	GlobalSection(SolutionConfigurationPlatforms) = preSolution
		Debug|x64 = Debug|x64
		Debug|x86 = Debug|x86
		Release|x64 = Release|x64
		Release|x86 = Release|x86
	EndGlobalSection
	GlobalSection(ProjectConfigurationPlatforms) = postSolution
		{4B321EB9-A79D-489F-B659-291B093FB877}.Debug|x64.ActiveCfg = Debug|x64
		{4B321EB9-A79D-489F-B659-291B093FB877}.Debug|x64.Build.0 = Debug|x64
		{4B321EB9-A79D-489F-B659-291B093FB877}.Debug|x86.ActiveCfg = Debug|Win32
		{4B321EB9-A79D-489F-B659-291B093FB877}.Debug|x86.Build.0 = Debug|Win32
		{4B321EB9-A79D-489F-B659-291B093FB877}.Release|x64.ActiveCfg = Release|x64
		{4B321EB9-A79D-489F-B659-291B093FB877}.Release|x64.Build.0 = Release|x64
		{4B321EB9-A79D-489F-B659-291B093FB877}.Release|x86.ActiveCfg = Release|Win32
		{4B321EB9-A79D-489F-B659-291B093FB877}.Release|x86.Build.0 = Release|Win32
	EndGlobalSection
	GlobalSection(SolutionProperties) = preSolution
		HideSolutionNode = FALSE
	EndGlobalSection
	GlobalSection(ExtensibilityGlobals) = postSolution
		SolutionGuid = {7F3B6F74-F76E-4FE8-88A3-3858DE8D85C0}
	EndGlobalSection
EndGlobal
