
Microsoft Visual Studio Solution File, Format Version 12.00
# Visual Studio Version 17
VisualStudioVersion = 17.5.33502.453
MinimumVisualStudioVersion = 10.0.40219.1
Project("{8BC9CEB8-8B4A-11D0-8D11-00A0C91BC942}") = "BJ2010", "BJ2010\BJ2010.vcxproj", "{B042DF59-6F92-4CCF-A65D-06DE5A265EE5}"
EndProject
Global
	GlobalSection(SolutionConfigurationPlatforms) = preSolution
		Debug|x64 = Debug|x64
		Debug|x86 = Debug|x86
		Release|x64 = Release|x64
		Release|x86 = Release|x86
	EndGlobalSection
	GlobalSection(ProjectConfigurationPlatforms) = postSolution
		{B042DF59-6F92-4CCF-A65D-06DE5A265EE5}.Debug|x64.ActiveCfg = Debug|x64
		{B042DF59-6F92-4CCF-A65D-06DE5A265EE5}.Debug|x64.Build.0 = Debug|x64
		{B042DF59-6F92-4CCF-A65D-06DE5A265EE5}.Debug|x86.ActiveCfg = Debug|Win32
		{B042DF59-6F92-4CCF-A65D-06DE5A265EE5}.Debug|x86.Build.0 = Debug|Win32
		{B042DF59-6F92-4CCF-A65D-06DE5A265EE5}.Release|x64.ActiveCfg = Release|x64
		{B042DF59-6F92-4CCF-A65D-06DE5A265EE5}.Release|x64.Build.0 = Release|x64
		{B042DF59-6F92-4CCF-A65D-06DE5A265EE5}.Release|x86.ActiveCfg = Release|Win32
		{B042DF59-6F92-4CCF-A65D-06DE5A265EE5}.Release|x86.Build.0 = Release|Win32
	EndGlobalSection
	GlobalSection(SolutionProperties) = preSolution
		HideSolutionNode = FALSE
	EndGlobalSection
	GlobalSection(ExtensibilityGlobals) = postSolution
		SolutionGuid = {F37B1DA3-A364-41D4-A209-39152FDBB69D}
	EndGlobalSection
EndGlobal
