
Microsoft Visual Studio Solution File, Format Version 12.00
# Visual Studio Version 17
VisualStudioVersion = 17.5.33627.172
MinimumVisualStudioVersion = 10.0.40219.1
Project("{8BC9CEB8-8B4A-11D0-8D11-00A0C91BC942}") = "bj5073", "bj5073\bj5073.vcxproj", "{D35BBE26-5C44-413C-B1D1-9D5D277497DD}"
EndProject
Global
	GlobalSection(SolutionConfigurationPlatforms) = preSolution
		Debug|x64 = Debug|x64
		Debug|x86 = Debug|x86
		Release|x64 = Release|x64
		Release|x86 = Release|x86
	EndGlobalSection
	GlobalSection(ProjectConfigurationPlatforms) = postSolution
		{D35BBE26-5C44-413C-B1D1-9D5D277497DD}.Debug|x64.ActiveCfg = Debug|x64
		{D35BBE26-5C44-413C-B1D1-9D5D277497DD}.Debug|x64.Build.0 = Debug|x64
		{D35BBE26-5C44-413C-B1D1-9D5D277497DD}.Debug|x86.ActiveCfg = Debug|Win32
		{D35BBE26-5C44-413C-B1D1-9D5D277497DD}.Debug|x86.Build.0 = Debug|Win32
		{D35BBE26-5C44-413C-B1D1-9D5D277497DD}.Release|x64.ActiveCfg = Release|x64
		{D35BBE26-5C44-413C-B1D1-9D5D277497DD}.Release|x64.Build.0 = Release|x64
		{D35BBE26-5C44-413C-B1D1-9D5D277497DD}.Release|x86.ActiveCfg = Release|Win32
		{D35BBE26-5C44-413C-B1D1-9D5D277497DD}.Release|x86.Build.0 = Release|Win32
	EndGlobalSection
	GlobalSection(SolutionProperties) = preSolution
		HideSolutionNode = FALSE
	EndGlobalSection
	GlobalSection(ExtensibilityGlobals) = postSolution
		SolutionGuid = {2AFB04D1-37CA-401A-B8FF-F01FF42778C5}
	EndGlobalSection
EndGlobal
